
Microsoft Visual Studio Solution File, Format Version 12.00
# Visual Studio 15
VisualStudioVersion = 15.0.28307.421
MinimumVisualStudioVersion = 10.0.40219.1
Project("{9A19103F-16F7-4668-BE54-9A1E7A4F7556}") = "FTI.Api", "FTI.Api\FTI.Api.csproj", "{B28201FE-A451-416C-99DD-88A6015E4A29}"
EndProject
Project("{FAE04EC0-301F-11D3-BF4B-00C04F79EFBC}") = "FTI.Publisher", "FTI.Publisher\FTI.Publisher.csproj", "{596244D4-B804-4CF3-8ED2-DC626E7F8FBA}"
EndProject
Global
	GlobalSection(SolutionConfigurationPlatforms) = preSolution
		Debug|Any CPU = Debug|Any CPU
		Release|Any CPU = Release|Any CPU
	EndGlobalSection
	GlobalSection(ProjectConfigurationPlatforms) = postSolution
		{B28201FE-A451-416C-99DD-88A6015E4A29}.Debug|Any CPU.ActiveCfg = Debug|Any CPU
		{B28201FE-A451-416C-99DD-88A6015E4A29}.Debug|Any CPU.Build.0 = Debug|Any CPU
		{B28201FE-A451-416C-99DD-88A6015E4A29}.Release|Any CPU.ActiveCfg = Release|Any CPU
		{B28201FE-A451-416C-99DD-88A6015E4A29}.Release|Any CPU.Build.0 = Release|Any CPU
		{596244D4-B804-4CF3-8ED2-DC626E7F8FBA}.Debug|Any CPU.ActiveCfg = Debug|Any CPU
		{596244D4-B804-4CF3-8ED2-DC626E7F8FBA}.Debug|Any CPU.Build.0 = Debug|Any CPU
		{596244D4-B804-4CF3-8ED2-DC626E7F8FBA}.Release|Any CPU.ActiveCfg = Release|Any CPU
		{596244D4-B804-4CF3-8ED2-DC626E7F8FBA}.Release|Any CPU.Build.0 = Release|Any CPU
	EndGlobalSection
	GlobalSection(SolutionProperties) = preSolution
		HideSolutionNode = FALSE
	EndGlobalSection
	GlobalSection(ExtensibilityGlobals) = postSolution
		SolutionGuid = {BBF4C80C-275E-4437-A7C4-FB7ADB97BD0F}
	EndGlobalSection
EndGlobal
