
Microsoft Visual Studio Solution File, Format Version 12.00
# Visual Studio 15
VisualStudioVersion = 15.0.28307.329
MinimumVisualStudioVersion = 10.0.40219.1
Project("{FAE04EC0-301F-11D3-BF4B-00C04F79EFBC}") = "TcpUdp.Server", "TcpUdp.Server\TcpUdp.Server.csproj", "{7DE1EB6D-5599-4C22-8C83-4FBB76026F6D}"
EndProject
Project("{FAE04EC0-301F-11D3-BF4B-00C04F79EFBC}") = "TcpUdp.Client", "TcpUdp.Client\TcpUdp.Client.csproj", "{A76D8269-C2A9-43B2-941B-A650411CE1AA}"
EndProject
Project("{FAE04EC0-301F-11D3-BF4B-00C04F79EFBC}") = "TcpUdp.Core", "TcpUdp.Core\TcpUdp.Core.csproj", "{0A0D7B5D-BC89-43AE-A4A7-44FE698064E8}"
EndProject
Global
	GlobalSection(SolutionConfigurationPlatforms) = preSolution
		Debug|Any CPU = Debug|Any CPU
		Release|Any CPU = Release|Any CPU
	EndGlobalSection
	GlobalSection(ProjectConfigurationPlatforms) = postSolution
		{7DE1EB6D-5599-4C22-8C83-4FBB76026F6D}.Debug|Any CPU.ActiveCfg = Debug|Any CPU
		{7DE1EB6D-5599-4C22-8C83-4FBB76026F6D}.Debug|Any CPU.Build.0 = Debug|Any CPU
		{7DE1EB6D-5599-4C22-8C83-4FBB76026F6D}.Release|Any CPU.ActiveCfg = Release|Any CPU
		{7DE1EB6D-5599-4C22-8C83-4FBB76026F6D}.Release|Any CPU.Build.0 = Release|Any CPU
		{A76D8269-C2A9-43B2-941B-A650411CE1AA}.Debug|Any CPU.ActiveCfg = Debug|Any CPU
		{A76D8269-C2A9-43B2-941B-A650411CE1AA}.Debug|Any CPU.Build.0 = Debug|Any CPU
		{A76D8269-C2A9-43B2-941B-A650411CE1AA}.Release|Any CPU.ActiveCfg = Release|Any CPU
		{A76D8269-C2A9-43B2-941B-A650411CE1AA}.Release|Any CPU.Build.0 = Release|Any CPU
		{0A0D7B5D-BC89-43AE-A4A7-44FE698064E8}.Debug|Any CPU.ActiveCfg = Debug|Any CPU
		{0A0D7B5D-BC89-43AE-A4A7-44FE698064E8}.Debug|Any CPU.Build.0 = Debug|Any CPU
		{0A0D7B5D-BC89-43AE-A4A7-44FE698064E8}.Release|Any CPU.ActiveCfg = Release|Any CPU
		{0A0D7B5D-BC89-43AE-A4A7-44FE698064E8}.Release|Any CPU.Build.0 = Release|Any CPU
	EndGlobalSection
	GlobalSection(SolutionProperties) = preSolution
		HideSolutionNode = FALSE
	EndGlobalSection
	GlobalSection(ExtensibilityGlobals) = postSolution
		SolutionGuid = {792676A6-D056-4309-B437-85C7EE519886}
	EndGlobalSection
EndGlobal
